// !$*UTF8*$!
{
	archiveVersion = 1;
	classes = {
	};
	objectVersion = 77;
	objects = {

/* Begin PBXContainerItemProxy section */
		1FC6E0DC2D47F7E500AF4B80 /* PBXContainerItemProxy */ = {
			isa = PBXContainerItemProxy;
			containerPortal = 1FC6E0C32D47F7E300AF4B80 /* Project object */;
			proxyType = 1;
			remoteGlobalIDString = 1FC6E0CA2D47F7E300AF4B80;
			remoteInfo = TrafficLight;
		};
		1FC6E0E62D47F7E500AF4B80 /* PBXContainerItemProxy */ = {
			isa = PBXContainerItemProxy;
			containerPortal = 1FC6E0C32D47F7E300AF4B80 /* Project object */;
			proxyType = 1;
			remoteGlobalIDString = 1FC6E0CA2D47F7E300AF4B80;
			remoteInfo = TrafficLight;
		};
/* End PBXContainerItemProxy section */

/* Begin PBXFileReference section */
		1FC6E0CB2D47F7E300AF4B80 /* TrafficLights.app */ = {isa = PBXFileReference; explicitFileType = wrapper.application; includeInIndex = 0; path = TrafficLights.app; sourceTree = BUILT_PRODUCTS_DIR; };
		1FC6E0DB2D47F7E500AF4B80 /* TrafficLightsTests.xctest */ = {isa = PBXFileReference; explicitFileType = wrapper.cfbundle; includeInIndex = 0; path = TrafficLightsTests.xctest; sourceTree = BUILT_PRODUCTS_DIR; };
		1FC6E0E52D47F7E500AF4B80 /* TrafficLightsUITests.xctest */ = {isa = PBXFileReference; explicitFileType = wrapper.cfbundle; includeInIndex = 0; path = TrafficLightsUITests.xctest; sourceTree = BUILT_PRODUCTS_DIR; };
/* End PBXFileReference section */

/* Begin PBXFileSystemSynchronizedRootGroup section */
		1FC6E0CD2D47F7E300AF4B80 /* TrafficLights */ = {
			isa = PBXFileSystemSynchronizedRootGroup;
			path = TrafficLights;
			sourceTree = "<group>";
		};
		1FC6E0DE2D47F7E500AF4B80 /* TrafficLightTests */ = {
			isa = PBXFileSystemSynchronizedRootGroup;
			path = TrafficLightTests;
			sourceTree = "<group>";
		};
		1FC6E0E82D47F7E500AF4B80 /* TrafficLightUITests */ = {
			isa = PBXFileSystemSynchronizedRootGroup;
			path = TrafficLightUITests;
			sourceTree = "<group>";
		};
/* End PBXFileSystemSynchronizedRootGroup section */

/* Begin PBXFrameworksBuildPhase section */
		1FC6E0C82D47F7E300AF4B80 /* Frameworks */ = {
			isa = PBXFrameworksBuildPhase;
			buildActionMask = 2147483647;
			files = (
			);
			runOnlyForDeploymentPostprocessing = 0;
		};
		1FC6E0D82D47F7E500AF4B80 /* Frameworks */ = {
			isa = PBXFrameworksBuildPhase;
			buildActionMask = 2147483647;
			files = (
			);
			runOnlyForDeploymentPostprocessing = 0;
		};
		1FC6E0E22D47F7E500AF4B80 /* Frameworks */ = {
			isa = PBXFrameworksBuildPhase;
			buildActionMask = 2147483647;
			files = (
			);
			runOnlyForDeploymentPostprocessing = 0;
		};
/* End PBXFrameworksBuildPhase section */

/* Begin PBXGroup section */
		1FC6E0C22D47F7E300AF4B80 = {
			isa = PBXGroup;
			children = (
				1FC6E0CD2D47F7E300AF4B80 /* TrafficLights */,
				1FC6E0DE2D47F7E500AF4B80 /* TrafficLightTests */,
				1FC6E0E82D47F7E500AF4B80 /* TrafficLightUITests */,
				1FC6E0CC2D47F7E300AF4B80 /* Products */,
			);
			sourceTree = "<group>";
		};
		1FC6E0CC2D47F7E300AF4B80 /* Products */ = {
			isa = PBXGroup;
			children = (
				1FC6E0CB2D47F7E300AF4B80 /* TrafficLights.app */,
				1FC6E0DB2D47F7E500AF4B80 /* TrafficLightsTests.xctest */,
				1FC6E0E52D47F7E500AF4B80 /* TrafficLightsUITests.xctest */,
			);
			name = Products;
			sourceTree = "<group>";
		};
/* End PBXGroup section */

/* Begin PBXNativeTarget section */
		1FC6E0CA2D47F7E300AF4B80 /* TrafficLights */ = {
			isa = PBXNativeTarget;
			buildConfigurationList = 1FC6E0EF2D47F7E500AF4B80 /* Build configuration list for PBXNativeTarget "TrafficLights" */;
			buildPhases = (
				1FC6E0C72D47F7E300AF4B80 /* Sources */,
				1FC6E0C82D47F7E300AF4B80 /* Frameworks */,
				1FC6E0C92D47F7E300AF4B80 /* Resources */,
			);
			buildRules = (
			);
			dependencies = (
			);
			fileSystemSynchronizedGroups = (
				1FC6E0CD2D47F7E300AF4B80 /* TrafficLights */,
			);
			name = TrafficLights;
			packageProductDependencies = (
			);
			productName = TrafficLight;
			productReference = 1FC6E0CB2D47F7E300AF4B80 /* TrafficLights.app */;
			productType = "com.apple.product-type.application";
		};
		1FC6E0DA2D47F7E500AF4B80 /* TrafficLightsTests */ = {
			isa = PBXNativeTarget;
			buildConfigurationList = 1FC6E0F22D47F7E500AF4B80 /* Build configuration list for PBXNativeTarget "TrafficLightsTests" */;
			buildPhases = (
				1FC6E0D72D47F7E500AF4B80 /* Sources */,
				1FC6E0D82D47F7E500AF4B80 /* Frameworks */,
				1FC6E0D92D47F7E500AF4B80 /* Resources */,
			);
			buildRules = (
			);
			dependencies = (
				1FC6E0DD2D47F7E500AF4B80 /* PBXTargetDependency */,
			);
			fileSystemSynchronizedGroups = (
				1FC6E0DE2D47F7E500AF4B80 /* TrafficLightTests */,
			);
			name = TrafficLightsTests;
			packageProductDependencies = (
			);
			productName = TrafficLightTests;
			productReference = 1FC6E0DB2D47F7E500AF4B80 /* TrafficLightsTests.xctest */;
			productType = "com.apple.product-type.bundle.unit-test";
		};
		1FC6E0E42D47F7E500AF4B80 /* TrafficLightsUITests */ = {
			isa = PBXNativeTarget;
			buildConfigurationList = 1FC6E0F52D47F7E500AF4B80 /* Build configuration list for PBXNativeTarget "TrafficLightsUITests" */;
			buildPhases = (
				1FC6E0E12D47F7E500AF4B80 /* Sources */,
				1FC6E0E22D47F7E500AF4B80 /* Frameworks */,
				1FC6E0E32D47F7E500AF4B80 /* Resources */,
			);
			buildRules = (
			);
			dependencies = (
				1FC6E0E72D47F7E500AF4B80 /* PBXTargetDependency */,
			);
			fileSystemSynchronizedGroups = (
				1FC6E0E82D47F7E500AF4B80 /* TrafficLightUITests */,
			);
			name = TrafficLightsUITests;
			packageProductDependencies = (
			);
			productName = TrafficLightUITests;
			productReference = 1FC6E0E52D47F7E500AF4B80 /* TrafficLightsUITests.xctest */;
			productType = "com.apple.product-type.bundle.ui-testing";
		};
/* End PBXNativeTarget section */

/* Begin PBXProject section */
		1FC6E0C32D47F7E300AF4B80 /* Project object */ = {
			isa = PBXProject;
			attributes = {
				BuildIndependentTargetsInParallel = 1;
				LastSwiftUpdateCheck = 1620;
				LastUpgradeCheck = 1620;
				TargetAttributes = {
					1FC6E0CA2D47F7E300AF4B80 = {
						CreatedOnToolsVersion = 16.2;
					};
					1FC6E0DA2D47F7E500AF4B80 = {
						CreatedOnToolsVersion = 16.2;
						TestTargetID = 1FC6E0CA2D47F7E300AF4B80;
					};
					1FC6E0E42D47F7E500AF4B80 = {
						CreatedOnToolsVersion = 16.2;
						TestTargetID = 1FC6E0CA2D47F7E300AF4B80;
					};
				};
			};
			buildConfigurationList = 1FC6E0C62D47F7E300AF4B80 /* Build configuration list for PBXProject "TrafficLights" */;
			developmentRegion = en;
			hasScannedForEncodings = 0;
			knownRegions = (
				en,
				Base,
			);
			mainGroup = 1FC6E0C22D47F7E300AF4B80;
			minimizedProjectReferenceProxies = 1;
			preferredProjectObjectVersion = 77;
			productRefGroup = 1FC6E0CC2D47F7E300AF4B80 /* Products */;
			projectDirPath = "";
			projectRoot = "";
			targets = (
				1FC6E0CA2D47F7E300AF4B80 /* TrafficLights */,
				1FC6E0DA2D47F7E500AF4B80 /* TrafficLightsTests */,
				1FC6E0E42D47F7E500AF4B80 /* TrafficLightsUITests */,
			);
		};
/* End PBXProject section */

/* Begin PBXResourcesBuildPhase section */
		1FC6E0C92D47F7E300AF4B80 /* Resources */ = {
			isa = PBXResourcesBuildPhase;
			buildActionMask = 2147483647;
			files = (
			);
			runOnlyForDeploymentPostprocessing = 0;
		};
		1FC6E0D92D47F7E500AF4B80 /* Resources */ = {
			isa = PBXResourcesBuildPhase;
			buildActionMask = 2147483647;
			files = (
			);
			runOnlyForDeploymentPostprocessing = 0;
		};
		1FC6E0E32D47F7E500AF4B80 /* Resources */ = {
			isa = PBXResourcesBuildPhase;
			buildActionMask = 2147483647;
			files = (
			);
			runOnlyForDeploymentPostprocessing = 0;
		};
/* End PBXResourcesBuildPhase section */

/* Begin PBXSourcesBuildPhase section */
		1FC6E0C72D47F7E300AF4B80 /* Sources */ = {
			isa = PBXSourcesBuildPhase;
			buildActionMask = 2147483647;
			files = (
			);
			runOnlyForDeploymentPostprocessing = 0;
		};
		1FC6E0D72D47F7E500AF4B80 /* Sources */ = {
			isa = PBXSourcesBuildPhase;
			buildActionMask = 2147483647;
			files = (
			);
			runOnlyForDeploymentPostprocessing = 0;
		};
		1FC6E0E12D47F7E500AF4B80 /* Sources */ = {
			isa = PBXSourcesBuildPhase;
			buildActionMask = 2147483647;
			files = (
			);
			runOnlyForDeploymentPostprocessing = 0;
		};
/* End PBXSourcesBuildPhase section */

/* Begin PBXTargetDependency section */
		1FC6E0DD2D47F7E500AF4B80 /* PBXTargetDependency */ = {
			isa = PBXTargetDependency;
			target = 1FC6E0CA2D47F7E300AF4B80 /* TrafficLights */;
			targetProxy = 1FC6E0DC2D47F7E500AF4B80 /* PBXContainerItemProxy */;
		};
		1FC6E0E72D47F7E500AF4B80 /* PBXTargetDependency */ = {
			isa = PBXTargetDependency;
			target = 1FC6E0CA2D47F7E300AF4B80 /* TrafficLights */;
			targetProxy = 1FC6E0E62D47F7E500AF4B80 /* PBXContainerItemProxy */;
		};
/* End PBXTargetDependency section */

/* Begin XCBuildConfiguration section */
		1FC6E0ED2D47F7E500AF4B80 /* Debug */ = {
			isa = XCBuildConfiguration;
			buildSettings = {
				ALWAYS_SEARCH_USER_PATHS = NO;
				ASSETCATALOG_COMPILER_GENERATE_SWIFT_ASSET_SYMBOL_EXTENSIONS = YES;
				CLANG_ANALYZER_NONNULL = YES;
				CLANG_ANALYZER_NUMBER_OBJECT_CONVERSION = YES_AGGRESSIVE;
				CLANG_CXX_LANGUAGE_STANDARD = "gnu++20";
				CLANG_ENABLE_MODULES = YES;
				CLANG_ENABLE_OBJC_ARC = YES;
				CLANG_ENABLE_OBJC_WEAK = YES;
				CLANG_WARN_BLOCK_CAPTURE_AUTORELEASING = YES;
				CLANG_WARN_BOOL_CONVERSION = YES;
				CLANG_WARN_COMMA = YES;
				CLANG_WARN_CONSTANT_CONVERSION = YES;
				CLANG_WARN_DEPRECATED_OBJC_IMPLEMENTATIONS = YES;
				CLANG_WARN_DIRECT_OBJC_ISA_USAGE = YES_ERROR;
				CLANG_WARN_DOCUMENTATION_COMMENTS = YES;
				CLANG_WARN_EMPTY_BODY = YES;
				CLANG_WARN_ENUM_CONVERSION = YES;
				CLANG_WARN_INFINITE_RECURSION = YES;
				CLANG_WARN_INT_CONVERSION = YES;
				CLANG_WARN_NON_LITERAL_NULL_CONVERSION = YES;
				CLANG_WARN_OBJC_IMPLICIT_RETAIN_SELF = YES;
				CLANG_WARN_OBJC_LITERAL_CONVERSION = YES;
				CLANG_WARN_OBJC_ROOT_CLASS = YES_ERROR;
				CLANG_WARN_QUOTED_INCLUDE_IN_FRAMEWORK_HEADER = YES;
				CLANG_WARN_RANGE_LOOP_ANALYSIS = YES;
				CLANG_WARN_STRICT_PROTOTYPES = YES;
				CLANG_WARN_SUSPICIOUS_MOVE = YES;
				CLANG_WARN_UNGUARDED_AVAILABILITY = YES_AGGRESSIVE;
				CLANG_WARN_UNREACHABLE_CODE = YES;
				CLANG_WARN__DUPLICATE_METHOD_MATCH = YES;
				COPY_PHASE_STRIP = NO;
				DEBUG_INFORMATION_FORMAT = dwarf;
				ENABLE_STRICT_OBJC_MSGSEND = YES;
				ENABLE_TESTABILITY = YES;
				ENABLE_USER_SCRIPT_SANDBOXING = YES;
				GCC_C_LANGUAGE_STANDARD = gnu17;
				GCC_DYNAMIC_NO_PIC = NO;
				GCC_NO_COMMON_BLOCKS = YES;
				GCC_OPTIMIZATION_LEVEL = 0;
				GCC_PREPROCESSOR_DEFINITIONS = (
					"DEBUG=1",
					"$(inherited)",
				);
				GCC_WARN_64_TO_32_BIT_CONVERSION = YES;
				GCC_WARN_ABOUT_RETURN_TYPE = YES_ERROR;
				GCC_WARN_UNDECLARED_SELECTOR = YES;
				GCC_WARN_UNINITIALIZED_AUTOS = YES_AGGRESSIVE;
				GCC_WARN_UNUSED_FUNCTION = YES;
				GCC_WARN_UNUSED_VARIABLE = YES;
				IPHONEOS_DEPLOYMENT_TARGET = 18.2;
				LOCALIZATION_PREFERS_STRING_CATALOGS = YES;
				MTL_ENABLE_DEBUG_INFO = INCLUDE_SOURCE;
				MTL_FAST_MATH = YES;
				ONLY_ACTIVE_ARCH = YES;
				SDKROOT = iphoneos;
				SWIFT_ACTIVE_COMPILATION_CONDITIONS = "DEBUG $(inherited)";
				SWIFT_OPTIMIZATION_LEVEL = "-Onone";
			};
			name = Debug;
		};
		1FC6E0EE2D47F7E500AF4B80 /* Release */ = {
			isa = XCBuildConfiguration;
			buildSettings = {
				ALWAYS_SEARCH_USER_PATHS = NO;
				ASSETCATALOG_COMPILER_GENERATE_SWIFT_ASSET_SYMBOL_EXTENSIONS = YES;
				CLANG_ANALYZER_NONNULL = YES;
				CLANG_ANALYZER_NUMBER_OBJECT_CONVERSION = YES_AGGRESSIVE;
				CLANG_CXX_LANGUAGE_STANDARD = "gnu++20";
				CLANG_ENABLE_MODULES = YES;
				CLANG_ENABLE_OBJC_ARC = YES;
				CLANG_ENABLE_OBJC_WEAK = YES;
				CLANG_WARN_BLOCK_CAPTURE_AUTORELEASING = YES;
				CLANG_WARN_BOOL_CONVERSION = YES;
				CLANG_WARN_COMMA = YES;
				CLANG_WARN_CONSTANT_CONVERSION = YES;
				CLANG_WARN_DEPRECATED_OBJC_IMPLEMENTATIONS = YES;
				CLANG_WARN_DIRECT_OBJC_ISA_USAGE = YES_ERROR;
				CLANG_WARN_DOCUMENTATION_COMMENTS = YES;
				CLANG_WARN_EMPTY_BODY = YES;
				CLANG_WARN_ENUM_CONVERSION = YES;
				CLANG_WARN_INFINITE_RECURSION = YES;
				CLANG_WARN_INT_CONVERSION = YES;
				CLANG_WARN_NON_LITERAL_NULL_CONVERSION = YES;
				CLANG_WARN_OBJC_IMPLICIT_RETAIN_SELF = YES;
				CLANG_WARN_OBJC_LITERAL_CONVERSION = YES;
				CLANG_WARN_OBJC_ROOT_CLASS = YES_ERROR;
				CLANG_WARN_QUOTED_INCLUDE_IN_FRAMEWORK_HEADER = YES;
				CLANG_WARN_RANGE_LOOP_ANALYSIS = YES;
				CLANG_WARN_STRICT_PROTOTYPES = YES;
				CLANG_WARN_SUSPICIOUS_MOVE = YES;
				CLANG_WARN_UNGUARDED_AVAILABILITY = YES_AGGRESSIVE;
				CLANG_WARN_UNREACHABLE_CODE = YES;
				CLANG_WARN__DUPLICATE_METHOD_MATCH = YES;
				COPY_PHASE_STRIP = NO;
				DEBUG_INFORMATION_FORMAT = "dwarf-with-dsym";
				ENABLE_NS_ASSERTIONS = NO;
				ENABLE_STRICT_OBJC_MSGSEND = YES;
				ENABLE_USER_SCRIPT_SANDBOXING = YES;
				GCC_C_LANGUAGE_STANDARD = gnu17;
				GCC_NO_COMMON_BLOCKS = YES;
				GCC_WARN_64_TO_32_BIT_CONVERSION = YES;
				GCC_WARN_ABOUT_RETURN_TYPE = YES_ERROR;
				GCC_WARN_UNDECLARED_SELECTOR = YES;
				GCC_WARN_UNINITIALIZED_AUTOS = YES_AGGRESSIVE;
				GCC_WARN_UNUSED_FUNCTION = YES;
				GCC_WARN_UNUSED_VARIABLE = YES;
				IPHONEOS_DEPLOYMENT_TARGET = 18.2;
				LOCALIZATION_PREFERS_STRING_CATALOGS = YES;
				MTL_ENABLE_DEBUG_INFO = NO;
				MTL_FAST_MATH = YES;
				SDKROOT = iphoneos;
				SWIFT_COMPILATION_MODE = wholemodule;
				VALIDATE_PRODUCT = YES;
			};
			name = Release;
		};
		1FC6E0F02D47F7E500AF4B80 /* Debug */ = {
			isa = XCBuildConfiguration;
			buildSettings = {
				ASSETCATALOG_COMPILER_APPICON_NAME = AppIcon;
				ASSETCATALOG_COMPILER_GLOBAL_ACCENT_COLOR_NAME = AccentColor;
				CODE_SIGN_STYLE = Automatic;
				CURRENT_PROJECT_VERSION = 1;
				DEVELOPMENT_ASSET_PATHS = "\"TrafficLight/Preview Content\"";
				ENABLE_PREVIEWS = YES;
				GENERATE_INFOPLIST_FILE = YES;
				INFOPLIST_KEY_UIApplicationSceneManifest_Generation = YES;
				INFOPLIST_KEY_UIApplicationSupportsIndirectInputEvents = YES;
				INFOPLIST_KEY_UILaunchScreen_Generation = YES;
				INFOPLIST_KEY_UISupportedInterfaceOrientations = UIInterfaceOrientationPortrait;
				INFOPLIST_KEY_UISupportedInterfaceOrientations_iPad = "UIInterfaceOrientationLandscapeLeft UIInterfaceOrientationLandscapeRight UIInterfaceOrientationPortrait UIInterfaceOrientationPortraitUpsideDown";
				IPHONEOS_DEPLOYMENT_TARGET = 17.2;
				LD_RUNPATH_SEARCH_PATHS = (
					"$(inherited)",
					"@executable_path/Frameworks",
				);
				MARKETING_VERSION = 1.0;
				PRODUCT_BUNDLE_IDENTIFIER = malygin.TrafficLight;
				PRODUCT_NAME = "$(TARGET_NAME)";
				SUPPORTED_PLATFORMS = "iphoneos iphonesimulator";
				SUPPORTS_MACCATALYST = NO;
				SUPPORTS_MAC_DESIGNED_FOR_IPHONE_IPAD = NO;
				SUPPORTS_XR_DESIGNED_FOR_IPHONE_IPAD = NO;
				SWIFT_EMIT_LOC_STRINGS = YES;
				SWIFT_VERSION = 5.0;
				TARGETED_DEVICE_FAMILY = 1;
			};
			name = Debug;
		};
		1FC6E0F12D47F7E500AF4B80 /* Release */ = {
			isa = XCBuildConfiguration;
			buildSettings = {
				ASSETCATALOG_COMPILER_APPICON_NAME = AppIcon;
				ASSETCATALOG_COMPILER_GLOBAL_ACCENT_COLOR_NAME = AccentColor;
				CODE_SIGN_STYLE = Automatic;
				CURRENT_PROJECT_VERSION = 1;
				DEVELOPMENT_ASSET_PATHS = "\"TrafficLight/Preview Content\"";
				ENABLE_PREVIEWS = YES;
				GENERATE_INFOPLIST_FILE = YES;
				INFOPLIST_KEY_UIApplicationSceneManifest_Generation = YES;
				INFOPLIST_KEY_UIApplicationSupportsIndirectInputEvents = YES;
				INFOPLIST_KEY_UILaunchScreen_Generation = YES;
				INFOPLIST_KEY_UISupportedInterfaceOrientations = UIInterfaceOrientationPortrait;
				INFOPLIST_KEY_UISupportedInterfaceOrientations_iPad = "UIInterfaceOrientationLandscapeLeft UIInterfaceOrientationLandscapeRight UIInterfaceOrientationPortrait UIInterfaceOrientationPortraitUpsideDown";
				IPHONEOS_DEPLOYMENT_TARGET = 17.2;
				LD_RUNPATH_SEARCH_PATHS = (
					"$(inherited)",
					"@executable_path/Frameworks",
				);
				MARKETING_VERSION = 1.0;
				PRODUCT_BUNDLE_IDENTIFIER = malygin.TrafficLight;
				PRODUCT_NAME = "$(TARGET_NAME)";
				SUPPORTED_PLATFORMS = "iphoneos iphonesimulator";
				SUPPORTS_MACCATALYST = NO;
				SUPPORTS_MAC_DESIGNED_FOR_IPHONE_IPAD = NO;
				SUPPORTS_XR_DESIGNED_FOR_IPHONE_IPAD = NO;
				SWIFT_EMIT_LOC_STRINGS = YES;
				SWIFT_VERSION = 5.0;
				TARGETED_DEVICE_FAMILY = 1;
			};
			name = Release;
		};
		1FC6E0F32D47F7E500AF4B80 /* Debug */ = {
			isa = XCBuildConfiguration;
			buildSettings = {
				BUNDLE_LOADER = "$(TEST_HOST)";
				CODE_SIGN_STYLE = Automatic;
				CURRENT_PROJECT_VERSION = 1;
				GENERATE_INFOPLIST_FILE = YES;
				IPHONEOS_DEPLOYMENT_TARGET = 18.2;
				MARKETING_VERSION = 1.0;
				PRODUCT_BUNDLE_IDENTIFIER = malygin.TrafficLightTests;
				PRODUCT_NAME = "$(TARGET_NAME)";
				SWIFT_EMIT_LOC_STRINGS = NO;
				SWIFT_VERSION = 5.0;
				TARGETED_DEVICE_FAMILY = "1,2";
				TEST_HOST = "$(BUILT_PRODUCTS_DIR)/TrafficLights.app/$(BUNDLE_EXECUTABLE_FOLDER_PATH)/TrafficLights";
			};
			name = Debug;
		};
		1FC6E0F42D47F7E500AF4B80 /* Release */ = {
			isa = XCBuildConfiguration;
			buildSettings = {
				BUNDLE_LOADER = "$(TEST_HOST)";
				CODE_SIGN_STYLE = Automatic;
				CURRENT_PROJECT_VERSION = 1;
				GENERATE_INFOPLIST_FILE = YES;
				IPHONEOS_DEPLOYMENT_TARGET = 18.2;
				MARKETING_VERSION = 1.0;
				PRODUCT_BUNDLE_IDENTIFIER = malygin.TrafficLightTests;
				PRODUCT_NAME = "$(TARGET_NAME)";
				SWIFT_EMIT_LOC_STRINGS = NO;
				SWIFT_VERSION = 5.0;
				TARGETED_DEVICE_FAMILY = "1,2";
				TEST_HOST = "$(BUILT_PRODUCTS_DIR)/TrafficLights.app/$(BUNDLE_EXECUTABLE_FOLDER_PATH)/TrafficLights";
			};
			name = Release;
		};
		1FC6E0F62D47F7E500AF4B80 /* Debug */ = {
			isa = XCBuildConfiguration;
			buildSettings = {
				CODE_SIGN_STYLE = Automatic;
				CURRENT_PROJECT_VERSION = 1;
				GENERATE_INFOPLIST_FILE = YES;
				MARKETING_VERSION = 1.0;
				PRODUCT_BUNDLE_IDENTIFIER = malygin.TrafficLightUITests;
				PRODUCT_NAME = "$(TARGET_NAME)";
				SWIFT_EMIT_LOC_STRINGS = NO;
				SWIFT_VERSION = 5.0;
				TARGETED_DEVICE_FAMILY = "1,2";
				TEST_TARGET_NAME = TrafficLight;
			};
			name = Debug;
		};
		1FC6E0F72D47F7E500AF4B80 /* Release */ = {
			isa = XCBuildConfiguration;
			buildSettings = {
				CODE_SIGN_STYLE = Automatic;
				CURRENT_PROJECT_VERSION = 1;
				GENERATE_INFOPLIST_FILE = YES;
				MARKETING_VERSION = 1.0;
				PRODUCT_BUNDLE_IDENTIFIER = malygin.TrafficLightUITests;
				PRODUCT_NAME = "$(TARGET_NAME)";
				SWIFT_EMIT_LOC_STRINGS = NO;
				SWIFT_VERSION = 5.0;
				TARGETED_DEVICE_FAMILY = "1,2";
				TEST_TARGET_NAME = TrafficLight;
			};
			name = Release;
		};
/* End XCBuildConfiguration section */

/* Begin XCConfigurationList section */
		1FC6E0C62D47F7E300AF4B80 /* Build configuration list for PBXProject "TrafficLights" */ = {
			isa = XCConfigurationList;
			buildConfigurations = (
				1FC6E0ED2D47F7E500AF4B80 /* Debug */,
				1FC6E0EE2D47F7E500AF4B80 /* Release */,
			);
			defaultConfigurationIsVisible = 0;
			defaultConfigurationName = Release;
		};
		1FC6E0EF2D47F7E500AF4B80 /* Build configuration list for PBXNativeTarget "TrafficLights" */ = {
			isa = XCConfigurationList;
			buildConfigurations = (
				1FC6E0F02D47F7E500AF4B80 /* Debug */,
				1FC6E0F12D47F7E500AF4B80 /* Release */,
			);
			defaultConfigurationIsVisible = 0;
			defaultConfigurationName = Release;
		};
		1FC6E0F22D47F7E500AF4B80 /* Build configuration list for PBXNativeTarget "TrafficLightsTests" */ = {
			isa = XCConfigurationList;
			buildConfigurations = (
				1FC6E0F32D47F7E500AF4B80 /* Debug */,
				1FC6E0F42D47F7E500AF4B80 /* Release */,
			);
			defaultConfigurationIsVisible = 0;
			defaultConfigurationName = Release;
		};
		1FC6E0F52D47F7E500AF4B80 /* Build configuration list for PBXNativeTarget "TrafficLightsUITests" */ = {
			isa = XCConfigurationList;
			buildConfigurations = (
				1FC6E0F62D47F7E500AF4B80 /* Debug */,
				1FC6E0F72D47F7E500AF4B80 /* Release */,
			);
			defaultConfigurationIsVisible = 0;
			defaultConfigurationName = Release;
		};
/* End XCConfigurationList section */
	};
	rootObject = 1FC6E0C32D47F7E300AF4B80 /* Project object */;
}
